
Microsoft Visual Studio Solution File, Format Version 12.00
# Visual Studio Version 17
VisualStudioVersion = 17.1.31903.286
MinimumVisualStudioVersion = 10.0.40219.1
Project("{9A19103F-16F7-4668-BE54-9A1E7A4F7556}") = "SampleB", "SampleB\SampleB.csproj", "{D94F66E0-6FCF-45B2-978A-EAADA10FCBD5}"
EndProject
Project("{9A19103F-16F7-4668-BE54-9A1E7A4F7556}") = "SampleC", "SampleC\SampleC.csproj", "{2A34C80F-17DA-4797-A100-3712B82C9A87}"
EndProject
Project("{9A19103F-16F7-4668-BE54-9A1E7A4F7556}") = "SampleD", "SampleD\SampleD.csproj", "{B853594A-0D7E-4595-A385-C5CB413E34DA}"
EndProject
Project("{9A19103F-16F7-4668-BE54-9A1E7A4F7556}") = "SampleE", "SampleE\SampleE.csproj", "{E2B34163-5E3E-4114-9098-D26B23274A60}"
EndProject
Project("{FAE04EC0-301F-11D3-BF4B-00C04F79EFBC}") = "SampleA", "SampleA\SampleA.csproj", "{77D158E9-935B-4710-AE8D-869892F02147}"
EndProject
Global
	GlobalSection(SolutionConfigurationPlatforms) = preSolution
		Debug|Any CPU = Debug|Any CPU
		Release|Any CPU = Release|Any CPU
	EndGlobalSection
	GlobalSection(ProjectConfigurationPlatforms) = postSolution
		{D94F66E0-6FCF-45B2-978A-EAADA10FCBD5}.Debug|Any CPU.ActiveCfg = Debug|Any CPU
		{D94F66E0-6FCF-45B2-978A-EAADA10FCBD5}.Debug|Any CPU.Build.0 = Debug|Any CPU
		{D94F66E0-6FCF-45B2-978A-EAADA10FCBD5}.Release|Any CPU.ActiveCfg = Release|Any CPU
		{D94F66E0-6FCF-45B2-978A-EAADA10FCBD5}.Release|Any CPU.Build.0 = Release|Any CPU
		{2A34C80F-17DA-4797-A100-3712B82C9A87}.Debug|Any CPU.ActiveCfg = Debug|Any CPU
		{2A34C80F-17DA-4797-A100-3712B82C9A87}.Debug|Any CPU.Build.0 = Debug|Any CPU
		{2A34C80F-17DA-4797-A100-3712B82C9A87}.Release|Any CPU.ActiveCfg = Release|Any CPU
		{2A34C80F-17DA-4797-A100-3712B82C9A87}.Release|Any CPU.Build.0 = Release|Any CPU
		{B853594A-0D7E-4595-A385-C5CB413E34DA}.Debug|Any CPU.ActiveCfg = Debug|Any CPU
		{B853594A-0D7E-4595-A385-C5CB413E34DA}.Debug|Any CPU.Build.0 = Debug|Any CPU
		{B853594A-0D7E-4595-A385-C5CB413E34DA}.Release|Any CPU.ActiveCfg = Release|Any CPU
		{B853594A-0D7E-4595-A385-C5CB413E34DA}.Release|Any CPU.Build.0 = Release|Any CPU
		{E2B34163-5E3E-4114-9098-D26B23274A60}.Debug|Any CPU.ActiveCfg = Debug|Any CPU
		{E2B34163-5E3E-4114-9098-D26B23274A60}.Debug|Any CPU.Build.0 = Debug|Any CPU
		{E2B34163-5E3E-4114-9098-D26B23274A60}.Release|Any CPU.ActiveCfg = Release|Any CPU
		{E2B34163-5E3E-4114-9098-D26B23274A60}.Release|Any CPU.Build.0 = Release|Any CPU
		{77D158E9-935B-4710-AE8D-869892F02147}.Debug|Any CPU.ActiveCfg = Debug|Any CPU
		{77D158E9-935B-4710-AE8D-869892F02147}.Debug|Any CPU.Build.0 = Debug|Any CPU
		{77D158E9-935B-4710-AE8D-869892F02147}.Release|Any CPU.ActiveCfg = Release|Any CPU
		{77D158E9-935B-4710-AE8D-869892F02147}.Release|Any CPU.Build.0 = Release|Any CPU
	EndGlobalSection
	GlobalSection(SolutionProperties) = preSolution
		HideSolutionNode = FALSE
	EndGlobalSection
	GlobalSection(ExtensibilityGlobals) = postSolution
		SolutionGuid = {A2BC4ADD-03A6-4538-8B0D-34750E8E9192}
	EndGlobalSection
EndGlobal
